
Microsoft Visual Studio Solution File, Format Version 12.00
# Visual Studio Version 17
VisualStudioVersion = 17.10.34928.147
MinimumVisualStudioVersion = 10.0.40219.1
Project("{FAE04EC0-301F-11D3-BF4B-00C04F79EFBC}") = "WebAppMobil", "WebAppMobil.csproj", "{C64E8767-4BC8-45FB-96E7-ABB43E1F7ED6}"
EndProject
Global
	GlobalSection(SolutionConfigurationPlatforms) = preSolution
		Debug|Any CPU = Debug|Any CPU
		Release|Any CPU = Release|Any CPU
	EndGlobalSection
	GlobalSection(ProjectConfigurationPlatforms) = postSolution
		{C64E8767-4BC8-45FB-96E7-ABB43E1F7ED6}.Debug|Any CPU.ActiveCfg = Debug|Any CPU
		{C64E8767-4BC8-45FB-96E7-ABB43E1F7ED6}.Debug|Any CPU.Build.0 = Debug|Any CPU
		{C64E8767-4BC8-45FB-96E7-ABB43E1F7ED6}.Release|Any CPU.ActiveCfg = Release|Any CPU
		{C64E8767-4BC8-45FB-96E7-ABB43E1F7ED6}.Release|Any CPU.Build.0 = Release|Any CPU
	EndGlobalSection
	GlobalSection(SolutionProperties) = preSolution
		HideSolutionNode = FALSE
	EndGlobalSection
	GlobalSection(ExtensibilityGlobals) = postSolution
		SolutionGuid = {B5F167C9-008A-4B08-851C-47C91F995416}
	EndGlobalSection
EndGlobal
